
Microsoft Visual Studio Solution File, Format Version 12.00
# Visual Studio 14
VisualStudioVersion = 14.0.25420.1
MinimumVisualStudioVersion = 10.0.40219.1
Project("{2150E333-8FDC-42A3-9474-1A3956D46DE8}") = "src", "src", "{95D28A38-C84F-4284-8FD7-FDA9168A65B6}"
EndProject
Project("{2150E333-8FDC-42A3-9474-1A3956D46DE8}") = "Solution Items", "Solution Items", "{225D9E72-7CC6-4365-8AF1-A65BAF4D8E33}"
	ProjectSection(SolutionItems) = preProject
		global.json = global.json
	EndProjectSection
EndProject
Project("{8BB2217D-0F2D-49D1-97BC-3654ED321F3B}") = "AspNetX.Core", "src\AspNetX.Core\AspNetX.Core.xproj", "{C5D76A13-7BD1-46A6-BC4D-B39A605C0FB7}"
EndProject
Project("{8BB2217D-0F2D-49D1-97BC-3654ED321F3B}") = "AspNetX.Server", "src\AspNetX.Server\AspNetX.Server.xproj", "{D8B3F83B-B70E-47EB-86E0-C4C682E25D42}"
EndProject
Project("{2150E333-8FDC-42A3-9474-1A3956D46DE8}") = "test", "test", "{9C9E7789-8220-41C4-8CBE-FAF82F898431}"
EndProject
Project("{2150E333-8FDC-42A3-9474-1A3956D46DE8}") = "sample", "sample", "{71738CC3-6217-4F21-8689-6DFFBDAF8A76}"
EndProject
Project("{8BB2217D-0F2D-49D1-97BC-3654ED321F3B}") = "AspNetX.Server.Abstractions", "src\AspNetX.Server.Abstractions\AspNetX.Server.Abstractions.xproj", "{912A9304-B305-4262-A9C8-8D9E5A6A8189}"
EndProject
Project("{8BB2217D-0F2D-49D1-97BC-3654ED321F3B}") = "AspNetX.Sample.Models", "test\sample\AspNetX.Sample.Models\AspNetX.Sample.Models.xproj", "{B60C379A-8940-4BDE-8F8E-5CDF98EDBF0E}"
EndProject
Project("{8BB2217D-0F2D-49D1-97BC-3654ED321F3B}") = "AspNetX.Sample.NET451", "test\sample\AspNetX.Sample.NET451\AspNetX.Sample.NET451.xproj", "{3198265D-5A94-452D-B520-F19F5CEA3163}"
EndProject
Project("{8BB2217D-0F2D-49D1-97BC-3654ED321F3B}") = "AspNetX.Sample.NETCoreApp10", "test\sample\AspNetX.Sample.NETCoreApp10\AspNetX.Sample.NETCoreApp10.xproj", "{7E355888-0CD4-42E5-A906-5CB7DBCAB56D}"
EndProject
Global
	GlobalSection(SolutionConfigurationPlatforms) = preSolution
		Debug|Any CPU = Debug|Any CPU
		Release|Any CPU = Release|Any CPU
	EndGlobalSection
	GlobalSection(ProjectConfigurationPlatforms) = postSolution
		{C5D76A13-7BD1-46A6-BC4D-B39A605C0FB7}.Debug|Any CPU.ActiveCfg = Debug|Any CPU
		{C5D76A13-7BD1-46A6-BC4D-B39A605C0FB7}.Debug|Any CPU.Build.0 = Debug|Any CPU
		{C5D76A13-7BD1-46A6-BC4D-B39A605C0FB7}.Release|Any CPU.ActiveCfg = Release|Any CPU
		{C5D76A13-7BD1-46A6-BC4D-B39A605C0FB7}.Release|Any CPU.Build.0 = Release|Any CPU
		{D8B3F83B-B70E-47EB-86E0-C4C682E25D42}.Debug|Any CPU.ActiveCfg = Debug|Any CPU
		{D8B3F83B-B70E-47EB-86E0-C4C682E25D42}.Debug|Any CPU.Build.0 = Debug|Any CPU
		{D8B3F83B-B70E-47EB-86E0-C4C682E25D42}.Release|Any CPU.ActiveCfg = Release|Any CPU
		{D8B3F83B-B70E-47EB-86E0-C4C682E25D42}.Release|Any CPU.Build.0 = Release|Any CPU
		{912A9304-B305-4262-A9C8-8D9E5A6A8189}.Debug|Any CPU.ActiveCfg = Debug|Any CPU
		{912A9304-B305-4262-A9C8-8D9E5A6A8189}.Debug|Any CPU.Build.0 = Debug|Any CPU
		{912A9304-B305-4262-A9C8-8D9E5A6A8189}.Release|Any CPU.ActiveCfg = Release|Any CPU
		{912A9304-B305-4262-A9C8-8D9E5A6A8189}.Release|Any CPU.Build.0 = Release|Any CPU
		{B60C379A-8940-4BDE-8F8E-5CDF98EDBF0E}.Debug|Any CPU.ActiveCfg = Debug|Any CPU
		{B60C379A-8940-4BDE-8F8E-5CDF98EDBF0E}.Debug|Any CPU.Build.0 = Debug|Any CPU
		{B60C379A-8940-4BDE-8F8E-5CDF98EDBF0E}.Release|Any CPU.ActiveCfg = Release|Any CPU
		{B60C379A-8940-4BDE-8F8E-5CDF98EDBF0E}.Release|Any CPU.Build.0 = Release|Any CPU
		{3198265D-5A94-452D-B520-F19F5CEA3163}.Debug|Any CPU.ActiveCfg = Debug|Any CPU
		{3198265D-5A94-452D-B520-F19F5CEA3163}.Debug|Any CPU.Build.0 = Debug|Any CPU
		{3198265D-5A94-452D-B520-F19F5CEA3163}.Release|Any CPU.ActiveCfg = Release|Any CPU
		{3198265D-5A94-452D-B520-F19F5CEA3163}.Release|Any CPU.Build.0 = Release|Any CPU
		{7E355888-0CD4-42E5-A906-5CB7DBCAB56D}.Debug|Any CPU.ActiveCfg = Debug|Any CPU
		{7E355888-0CD4-42E5-A906-5CB7DBCAB56D}.Debug|Any CPU.Build.0 = Debug|Any CPU
		{7E355888-0CD4-42E5-A906-5CB7DBCAB56D}.Release|Any CPU.ActiveCfg = Release|Any CPU
		{7E355888-0CD4-42E5-A906-5CB7DBCAB56D}.Release|Any CPU.Build.0 = Release|Any CPU
	EndGlobalSection
	GlobalSection(SolutionProperties) = preSolution
		HideSolutionNode = FALSE
	EndGlobalSection
	GlobalSection(NestedProjects) = preSolution
		{C5D76A13-7BD1-46A6-BC4D-B39A605C0FB7} = {95D28A38-C84F-4284-8FD7-FDA9168A65B6}
		{D8B3F83B-B70E-47EB-86E0-C4C682E25D42} = {95D28A38-C84F-4284-8FD7-FDA9168A65B6}
		{71738CC3-6217-4F21-8689-6DFFBDAF8A76} = {9C9E7789-8220-41C4-8CBE-FAF82F898431}
		{912A9304-B305-4262-A9C8-8D9E5A6A8189} = {95D28A38-C84F-4284-8FD7-FDA9168A65B6}
		{B60C379A-8940-4BDE-8F8E-5CDF98EDBF0E} = {71738CC3-6217-4F21-8689-6DFFBDAF8A76}
		{3198265D-5A94-452D-B520-F19F5CEA3163} = {71738CC3-6217-4F21-8689-6DFFBDAF8A76}
		{7E355888-0CD4-42E5-A906-5CB7DBCAB56D} = {71738CC3-6217-4F21-8689-6DFFBDAF8A76}
	EndGlobalSection
EndGlobal
