
Microsoft Visual Studio Solution File, Format Version 12.00
# Visual Studio 14
VisualStudioVersion = 14.0.25420.1
MinimumVisualStudioVersion = 10.0.40219.1
Project("{2150E333-8FDC-42A3-9474-1A3956D46DE8}") = "src", "src", "{7449BD0E-4CE3-40DE-A4CF-3C24EF3C7D33}"
EndProject
Project("{2150E333-8FDC-42A3-9474-1A3956D46DE8}") = "Solution Items", "Solution Items", "{F69B0CD7-8EB1-4E75-960F-76A2718AF514}"
	ProjectSection(SolutionItems) = preProject
		global.json = global.json
	EndProjectSection
EndProject
Project("{8BB2217D-0F2D-49D1-97BC-3654ED321F3B}") = "AspNetX", "src\AspNetX\AspNetX.xproj", "{EC03A1AC-9302-4B46-8B98-D42CC31BFCBB}"
EndProject
Project("{2150E333-8FDC-42A3-9474-1A3956D46DE8}") = "test", "test", "{0269FA76-746C-4BF4-BC6B-0C450A07612C}"
EndProject
Project("{2150E333-8FDC-42A3-9474-1A3956D46DE8}") = "websites", "websites", "{DF09CF7B-44E0-441D-8146-3CA477130440}"
EndProject
Project("{8BB2217D-0F2D-49D1-97BC-3654ED321F3B}") = "AspNetNet451Website", "test\websites\AspNetNet451Website\AspNetNet451Website.xproj", "{D412E1C0-8725-468C-95B9-44E6684E5E3F}"
EndProject
Project("{8BB2217D-0F2D-49D1-97BC-3654ED321F3B}") = "AspNetNetStandard16Website", "test\websites\AspNetNetStandard16Website\AspNetNetStandard16Website.xproj", "{CA450585-4A3B-48C6-8FEA-021D2320C209}"
EndProject
Project("{8BB2217D-0F2D-49D1-97BC-3654ED321F3B}") = "AspNetMvcApiExplorerWebSite", "test\websites\AspNetMvcApiExplorerWebSite\AspNetMvcApiExplorerWebSite.xproj", "{9A8572F8-F5AA-4228-8D3B-FCE51185150B}"
EndProject
Project("{8BB2217D-0F2D-49D1-97BC-3654ED321F3B}") = "AsptNetWebApp", "test\websites\AsptNetWebApp\AsptNetWebApp.xproj", "{A5233D67-AA8F-4105-96C4-E632BC3CEAA5}"
EndProject
Global
	GlobalSection(SolutionConfigurationPlatforms) = preSolution
		Debug|Any CPU = Debug|Any CPU
		Release|Any CPU = Release|Any CPU
	EndGlobalSection
	GlobalSection(ProjectConfigurationPlatforms) = postSolution
		{EC03A1AC-9302-4B46-8B98-D42CC31BFCBB}.Debug|Any CPU.ActiveCfg = Debug|Any CPU
		{EC03A1AC-9302-4B46-8B98-D42CC31BFCBB}.Debug|Any CPU.Build.0 = Debug|Any CPU
		{EC03A1AC-9302-4B46-8B98-D42CC31BFCBB}.Release|Any CPU.ActiveCfg = Release|Any CPU
		{EC03A1AC-9302-4B46-8B98-D42CC31BFCBB}.Release|Any CPU.Build.0 = Release|Any CPU
		{D412E1C0-8725-468C-95B9-44E6684E5E3F}.Debug|Any CPU.ActiveCfg = Debug|Any CPU
		{D412E1C0-8725-468C-95B9-44E6684E5E3F}.Debug|Any CPU.Build.0 = Debug|Any CPU
		{D412E1C0-8725-468C-95B9-44E6684E5E3F}.Release|Any CPU.ActiveCfg = Release|Any CPU
		{D412E1C0-8725-468C-95B9-44E6684E5E3F}.Release|Any CPU.Build.0 = Release|Any CPU
		{CA450585-4A3B-48C6-8FEA-021D2320C209}.Debug|Any CPU.ActiveCfg = Debug|Any CPU
		{CA450585-4A3B-48C6-8FEA-021D2320C209}.Debug|Any CPU.Build.0 = Debug|Any CPU
		{CA450585-4A3B-48C6-8FEA-021D2320C209}.Release|Any CPU.ActiveCfg = Release|Any CPU
		{CA450585-4A3B-48C6-8FEA-021D2320C209}.Release|Any CPU.Build.0 = Release|Any CPU
		{9A8572F8-F5AA-4228-8D3B-FCE51185150B}.Debug|Any CPU.ActiveCfg = Debug|Any CPU
		{9A8572F8-F5AA-4228-8D3B-FCE51185150B}.Debug|Any CPU.Build.0 = Debug|Any CPU
		{9A8572F8-F5AA-4228-8D3B-FCE51185150B}.Release|Any CPU.ActiveCfg = Release|Any CPU
		{9A8572F8-F5AA-4228-8D3B-FCE51185150B}.Release|Any CPU.Build.0 = Release|Any CPU
		{A5233D67-AA8F-4105-96C4-E632BC3CEAA5}.Debug|Any CPU.ActiveCfg = Debug|Any CPU
		{A5233D67-AA8F-4105-96C4-E632BC3CEAA5}.Debug|Any CPU.Build.0 = Debug|Any CPU
		{A5233D67-AA8F-4105-96C4-E632BC3CEAA5}.Release|Any CPU.ActiveCfg = Release|Any CPU
		{A5233D67-AA8F-4105-96C4-E632BC3CEAA5}.Release|Any CPU.Build.0 = Release|Any CPU
	EndGlobalSection
	GlobalSection(SolutionProperties) = preSolution
		HideSolutionNode = FALSE
	EndGlobalSection
	GlobalSection(NestedProjects) = preSolution
		{EC03A1AC-9302-4B46-8B98-D42CC31BFCBB} = {7449BD0E-4CE3-40DE-A4CF-3C24EF3C7D33}
		{DF09CF7B-44E0-441D-8146-3CA477130440} = {0269FA76-746C-4BF4-BC6B-0C450A07612C}
		{D412E1C0-8725-468C-95B9-44E6684E5E3F} = {DF09CF7B-44E0-441D-8146-3CA477130440}
		{CA450585-4A3B-48C6-8FEA-021D2320C209} = {DF09CF7B-44E0-441D-8146-3CA477130440}
		{9A8572F8-F5AA-4228-8D3B-FCE51185150B} = {DF09CF7B-44E0-441D-8146-3CA477130440}
		{A5233D67-AA8F-4105-96C4-E632BC3CEAA5} = {DF09CF7B-44E0-441D-8146-3CA477130440}
	EndGlobalSection
EndGlobal
