
Microsoft Visual Studio Solution File, Format Version 12.00
# Visual Studio 14
VisualStudioVersion = 14.0.25420.1
MinimumVisualStudioVersion = 10.0.40219.1
Project("{2150E333-8FDC-42A3-9474-1A3956D46DE8}") = "src", "src", "{7449BD0E-4CE3-40DE-A4CF-3C24EF3C7D33}"
EndProject
Project("{2150E333-8FDC-42A3-9474-1A3956D46DE8}") = "Solution Items", "Solution Items", "{F69B0CD7-8EB1-4E75-960F-76A2718AF514}"
	ProjectSection(SolutionItems) = preProject
		global.json = global.json
	EndProjectSection
EndProject
Project("{8BB2217D-0F2D-49D1-97BC-3654ED321F3B}") = "Orchid", "src\Orchid\Orchid.xproj", "{EC03A1AC-9302-4B46-8B98-D42CC31BFCBB}"
EndProject
Project("{2150E333-8FDC-42A3-9474-1A3956D46DE8}") = "test", "test", "{0269FA76-746C-4BF4-BC6B-0C450A07612C}"
EndProject
Project("{2150E333-8FDC-42A3-9474-1A3956D46DE8}") = "websites", "websites", "{DF09CF7B-44E0-441D-8146-3CA477130440}"
EndProject
Project("{8BB2217D-0F2D-49D1-97BC-3654ED321F3B}") = "SinaWeibo", "test\websites\SinaWeibo\SinaWeibo.xproj", "{2C60E7C5-D3A2-4EE5-8BE6-5BA55B40DF76}"
EndProject
Project("{8BB2217D-0F2D-49D1-97BC-3654ED321F3B}") = "SinaWeibo451", "test\websites\SinaWeibo451\SinaWeibo451.xproj", "{75CE4261-8170-4044-BEDD-1CEB95A9E909}"
EndProject
Global
	GlobalSection(SolutionConfigurationPlatforms) = preSolution
		Debug|Any CPU = Debug|Any CPU
		Release|Any CPU = Release|Any CPU
	EndGlobalSection
	GlobalSection(ProjectConfigurationPlatforms) = postSolution
		{EC03A1AC-9302-4B46-8B98-D42CC31BFCBB}.Debug|Any CPU.ActiveCfg = Debug|Any CPU
		{EC03A1AC-9302-4B46-8B98-D42CC31BFCBB}.Debug|Any CPU.Build.0 = Debug|Any CPU
		{EC03A1AC-9302-4B46-8B98-D42CC31BFCBB}.Release|Any CPU.ActiveCfg = Release|Any CPU
		{EC03A1AC-9302-4B46-8B98-D42CC31BFCBB}.Release|Any CPU.Build.0 = Release|Any CPU
		{2C60E7C5-D3A2-4EE5-8BE6-5BA55B40DF76}.Debug|Any CPU.ActiveCfg = Debug|Any CPU
		{2C60E7C5-D3A2-4EE5-8BE6-5BA55B40DF76}.Debug|Any CPU.Build.0 = Debug|Any CPU
		{2C60E7C5-D3A2-4EE5-8BE6-5BA55B40DF76}.Release|Any CPU.ActiveCfg = Release|Any CPU
		{2C60E7C5-D3A2-4EE5-8BE6-5BA55B40DF76}.Release|Any CPU.Build.0 = Release|Any CPU
		{75CE4261-8170-4044-BEDD-1CEB95A9E909}.Debug|Any CPU.ActiveCfg = Debug|Any CPU
		{75CE4261-8170-4044-BEDD-1CEB95A9E909}.Debug|Any CPU.Build.0 = Debug|Any CPU
		{75CE4261-8170-4044-BEDD-1CEB95A9E909}.Release|Any CPU.ActiveCfg = Release|Any CPU
		{75CE4261-8170-4044-BEDD-1CEB95A9E909}.Release|Any CPU.Build.0 = Release|Any CPU
	EndGlobalSection
	GlobalSection(SolutionProperties) = preSolution
		HideSolutionNode = FALSE
	EndGlobalSection
	GlobalSection(NestedProjects) = preSolution
		{EC03A1AC-9302-4B46-8B98-D42CC31BFCBB} = {7449BD0E-4CE3-40DE-A4CF-3C24EF3C7D33}
		{DF09CF7B-44E0-441D-8146-3CA477130440} = {0269FA76-746C-4BF4-BC6B-0C450A07612C}
		{2C60E7C5-D3A2-4EE5-8BE6-5BA55B40DF76} = {DF09CF7B-44E0-441D-8146-3CA477130440}
		{75CE4261-8170-4044-BEDD-1CEB95A9E909} = {DF09CF7B-44E0-441D-8146-3CA477130440}
	EndGlobalSection
EndGlobal
